
Microsoft Visual Studio Solution File, Format Version 12.00
# Visual Studio 15
VisualStudioVersion = 15.0.33801.198
MinimumVisualStudioVersion = 10.0.40219.1
Project("{FAE04EC0-301F-11D3-BF4B-00C04F79EFBC}") = "WebApplication14", "WebApplication14\WebApplication14.csproj", "{276DA956-46C3-4D54-B2CB-9B7F38682E7F}"
EndProject
Global
	GlobalSection(SolutionConfigurationPlatforms) = preSolution
		Debug|Any CPU = Debug|Any CPU
		Release|Any CPU = Release|Any CPU
	EndGlobalSection
	GlobalSection(ProjectConfigurationPlatforms) = postSolution
		{276DA956-46C3-4D54-B2CB-9B7F38682E7F}.Debug|Any CPU.ActiveCfg = Debug|Any CPU
		{276DA956-46C3-4D54-B2CB-9B7F38682E7F}.Debug|Any CPU.Build.0 = Debug|Any CPU
		{276DA956-46C3-4D54-B2CB-9B7F38682E7F}.Release|Any CPU.ActiveCfg = Release|Any CPU
		{276DA956-46C3-4D54-B2CB-9B7F38682E7F}.Release|Any CPU.Build.0 = Release|Any CPU
	EndGlobalSection
	GlobalSection(SolutionProperties) = preSolution
		HideSolutionNode = FALSE
	EndGlobalSection
	GlobalSection(ExtensibilityGlobals) = postSolution
		SolutionGuid = {02177115-776E-4C09-81A5-63D0950D70CD}
	EndGlobalSection
EndGlobal
